PODS:
  - JFPopup (1.4.0):
    - JRBaseKit (~> 0.9.0)
  - JRBaseKit (0.9.0)

DEPENDENCIES:
  - JFPopup (= 1.4.0)

SPEC REPOS:
  trunk:
    - JFPopup
    - JRBaseKit

SPEC CHECKSUMS:
  JFPopup: ec02a2c1574d90cb54d182aec9213034735da70e
  JRBaseKit: f4a95149f6b68417348e63065d384f22501cf2ce

PODFILE CHECKSUM: fba495f767a028e9a150de95978817f45d46413f

COCOAPODS: 1.11.2
