// !$*UTF8*$!
{
	archiveVersion = 1;
	classes = {
	};
	objectVersion = 50;
	objects = {

/* Begin PBXBuildFile section */
		0DA5026C68E3D1AE32F0A866 /* Pods_24.framework in Frameworks */ = {isa = PBXBuildFile; fileRef = 680A652E5D595FB02DE72698 /* Pods_24.framework */; };
		96551C532734980C00D3C17F /* AppDelegate.swift in Sources */ = {isa = PBXBuildFile; fileRef = 96551C522734980C00D3C17F /* AppDelegate.swift */; };
		96551C552734980C00D3C17F /* SceneDelegate.swift in Sources */ = {isa = PBXBuildFile; fileRef = 96551C542734980C00D3C17F /* SceneDelegate.swift */; };
		96551C572734980C00D3C17F /* ViewController.swift in Sources */ = {isa = PBXBuildFile; fileRef = 96551C562734980C00D3C17F /* ViewController.swift */; };
		96551C5A2734980C00D3C17F /* Main.storyboard in Resources */ = {isa = PBXBuildFile; fileRef = 96551C582734980C00D3C17F /* Main.storyboard */; };
		96551C5C2734980D00D3C17F /* Assets.xcassets in Resources */ = {isa = PBXBuildFile; fileRef = 96551C5B2734980D00D3C17F /* Assets.xcassets */; };
		96551C5F2734980D00D3C17F /* LaunchScreen.storyboard in Resources */ = {isa = PBXBuildFile; fileRef = 96551C5D2734980D00D3C17F /* LaunchScreen.storyboard */; };
		96551C6D27362B4300D3C17F /* PlayViewController.swift in Sources */ = {isa = PBXBuildFile; fileRef = 96551C6C27362B4300D3C17F /* PlayViewController.swift */; };
		96551C6F27362B4B00D3C17F /* SettingViewController.swift in Sources */ = {isa = PBXBuildFile; fileRef = 96551C6E27362B4B00D3C17F /* SettingViewController.swift */; };
		96551C7127362B5800D3C17F /* AboutViewController.swift in Sources */ = {isa = PBXBuildFile; fileRef = 96551C7027362B5800D3C17F /* AboutViewController.swift */; };
		96CDA94E27405C140043B5E2 /* Functions.swift in Sources */ = {isa = PBXBuildFile; fileRef = 96CDA94D27405C140043B5E2 /* Functions.swift */; };
/* End PBXBuildFile section */

/* Begin PBXFileReference section */
		2203B1E4AE3EEA961068492F /* Pods-24.release.xcconfig */ = {isa = PBXFileReference; includeInIndex = 1; lastKnownFileType = text.xcconfig; name = "Pods-24.release.xcconfig"; path = "Target Support Files/Pods-24/Pods-24.release.xcconfig"; sourceTree = "<group>"; };
		40DE5860394517B05E02F9F6 /* Pods-24.debug.xcconfig */ = {isa = PBXFileReference; includeInIndex = 1; lastKnownFileType = text.xcconfig; name = "Pods-24.debug.xcconfig"; path = "Target Support Files/Pods-24/Pods-24.debug.xcconfig"; sourceTree = "<group>"; };
		680A652E5D595FB02DE72698 /* Pods_24.framework */ = {isa = PBXFileReference; explicitFileType = wrapper.framework; includeInIndex = 0; path = Pods_24.framework; sourceTree = BUILT_PRODUCTS_DIR; };
		96551C4F2734980C00D3C17F /* 24.app */ = {isa = PBXFileReference; explicitFileType = wrapper.application; includeInIndex = 0; path = 24.app; sourceTree = BUILT_PRODUCTS_DIR; };
		96551C522734980C00D3C17F /* AppDelegate.swift */ = {isa = PBXFileReference; lastKnownFileType = sourcecode.swift; path = AppDelegate.swift; sourceTree = "<group>"; };
		96551C542734980C00D3C17F /* SceneDelegate.swift */ = {isa = PBXFileReference; lastKnownFileType = sourcecode.swift; path = SceneDelegate.swift; sourceTree = "<group>"; };
		96551C562734980C00D3C17F /* ViewController.swift */ = {isa = PBXFileReference; lastKnownFileType = sourcecode.swift; path = ViewController.swift; sourceTree = "<group>"; };
		96551C592734980C00D3C17F /* Base */ = {isa = PBXFileReference; lastKnownFileType = file.storyboard; name = Base; path = Base.lproj/Main.storyboard; sourceTree = "<group>"; };
		96551C5B2734980D00D3C17F /* Assets.xcassets */ = {isa = PBXFileReference; lastKnownFileType = folder.assetcatalog; path = Assets.xcassets; sourceTree = "<group>"; };
		96551C5E2734980D00D3C17F /* Base */ = {isa = PBXFileReference; lastKnownFileType = file.storyboard; name = Base; path = Base.lproj/LaunchScreen.storyboard; sourceTree = "<group>"; };
		96551C602734980D00D3C17F /* Info.plist */ = {isa = PBXFileReference; lastKnownFileType = text.plist.xml; path = Info.plist; sourceTree = "<group>"; };
		96551C6C27362B4300D3C17F /* PlayViewController.swift */ = {isa = PBXFileReference; lastKnownFileType = sourcecode.swift; path = PlayViewController.swift; sourceTree = "<group>"; };
		96551C6E27362B4B00D3C17F /* SettingViewController.swift */ = {isa = PBXFileReference; lastKnownFileType = sourcecode.swift; path = SettingViewController.swift; sourceTree = "<group>"; };
		96551C7027362B5800D3C17F /* AboutViewController.swift */ = {isa = PBXFileReference; lastKnownFileType = sourcecode.swift; path = AboutViewController.swift; sourceTree = "<group>"; };
		96CDA94D27405C140043B5E2 /* Functions.swift */ = {isa = PBXFileReference; lastKnownFileType = sourcecode.swift; path = Functions.swift; sourceTree = "<group>"; };
/* End PBXFileReference section */

/* Begin PBXFrameworksBuildPhase section */
		96551C4C2734980C00D3C17F /* Frameworks */ = {
			isa = PBXFrameworksBuildPhase;
			buildActionMask = 2147483647;
			files = (
				0DA5026C68E3D1AE32F0A866 /* Pods_24.framework in Frameworks */,
			);
			runOnlyForDeploymentPostprocessing = 0;
		};
/* End PBXFrameworksBuildPhase section */

/* Begin PBXGroup section */
		8EF116A94DC6EE72878580CB /* Pods */ = {
			isa = PBXGroup;
			children = (
				40DE5860394517B05E02F9F6 /* Pods-24.debug.xcconfig */,
				2203B1E4AE3EEA961068492F /* Pods-24.release.xcconfig */,
			);
			name = Pods;
			path = Pods;
			sourceTree = "<group>";
		};
		96551C462734980C00D3C17F = {
			isa = PBXGroup;
			children = (
				96551C512734980C00D3C17F /* 24 */,
				96551C502734980C00D3C17F /* Products */,
				8EF116A94DC6EE72878580CB /* Pods */,
				ACB3D5ED7C62CFABB0EE35BE /* Frameworks */,
			);
			sourceTree = "<group>";
		};
		96551C502734980C00D3C17F /* Products */ = {
			isa = PBXGroup;
			children = (
				96551C4F2734980C00D3C17F /* 24.app */,
			);
			name = Products;
			sourceTree = "<group>";
		};
		96551C512734980C00D3C17F /* 24 */ = {
			isa = PBXGroup;
			children = (
				96CDA94D27405C140043B5E2 /* Functions.swift */,
				96551C522734980C00D3C17F /* AppDelegate.swift */,
				96551C7227362EF800D3C17F /* card_png */,
				96551C542734980C00D3C17F /* SceneDelegate.swift */,
				96551C562734980C00D3C17F /* ViewController.swift */,
				96551C582734980C00D3C17F /* Main.storyboard */,
				96551C6C27362B4300D3C17F /* PlayViewController.swift */,
				96551C6E27362B4B00D3C17F /* SettingViewController.swift */,
				96551C7027362B5800D3C17F /* AboutViewController.swift */,
				96551C5B2734980D00D3C17F /* Assets.xcassets */,
				96551C5D2734980D00D3C17F /* LaunchScreen.storyboard */,
				96551C602734980D00D3C17F /* Info.plist */,
			);
			path = 24;
			sourceTree = "<group>";
		};
		96551C7227362EF800D3C17F /* card_png */ = {
			isa = PBXGroup;
			children = (
			);
			path = card_png;
			sourceTree = "<group>";
		};
		ACB3D5ED7C62CFABB0EE35BE /* Frameworks */ = {
			isa = PBXGroup;
			children = (
				680A652E5D595FB02DE72698 /* Pods_24.framework */,
			);
			name = Frameworks;
			sourceTree = "<group>";
		};
/* End PBXGroup section */

/* Begin PBXNativeTarget section */
		96551C4E2734980C00D3C17F /* 24 */ = {
			isa = PBXNativeTarget;
			buildConfigurationList = 96551C632734980D00D3C17F /* Build configuration list for PBXNativeTarget "24" */;
			buildPhases = (
				27D5CF86A25C5A69FA0D3FE8 /* [CP] Check Pods Manifest.lock */,
				96551C4B2734980C00D3C17F /* Sources */,
				96551C4C2734980C00D3C17F /* Frameworks */,
				96551C4D2734980C00D3C17F /* Resources */,
				5D03DEF2D447AACC23BABE45 /* [CP] Embed Pods Frameworks */,
			);
			buildRules = (
			);
			dependencies = (
			);
			name = 24;
			productName = 24;
			productReference = 96551C4F2734980C00D3C17F /* 24.app */;
			productType = "com.apple.product-type.application";
		};
/* End PBXNativeTarget section */

/* Begin PBXProject section */
		96551C472734980C00D3C17F /* Project object */ = {
			isa = PBXProject;
			attributes = {
				LastSwiftUpdateCheck = 1250;
				LastUpgradeCheck = 1250;
				TargetAttributes = {
					96551C4E2734980C00D3C17F = {
						CreatedOnToolsVersion = 12.5;
					};
				};
			};
			buildConfigurationList = 96551C4A2734980C00D3C17F /* Build configuration list for PBXProject "24" */;
			compatibilityVersion = "Xcode 9.3";
			developmentRegion = en;
			hasScannedForEncodings = 0;
			knownRegions = (
				en,
				Base,
			);
			mainGroup = 96551C462734980C00D3C17F;
			productRefGroup = 96551C502734980C00D3C17F /* Products */;
			projectDirPath = "";
			projectRoot = "";
			targets = (
				96551C4E2734980C00D3C17F /* 24 */,
			);
		};
/* End PBXProject section */

/* Begin PBXResourcesBuildPhase section */
		96551C4D2734980C00D3C17F /* Resources */ = {
			isa = PBXResourcesBuildPhase;
			buildActionMask = 2147483647;
			files = (
				96551C5F2734980D00D3C17F /* LaunchScreen.storyboard in Resources */,
				96551C5C2734980D00D3C17F /* Assets.xcassets in Resources */,
				96551C5A2734980C00D3C17F /* Main.storyboard in Resources */,
			);
			runOnlyForDeploymentPostprocessing = 0;
		};
/* End PBXResourcesBuildPhase section */

/* Begin PBXShellScriptBuildPhase section */
		27D5CF86A25C5A69FA0D3FE8 /* [CP] Check Pods Manifest.lock */ = {
			isa = PBXShellScriptBuildPhase;
			buildActionMask = 2147483647;
			files = (
			);
			inputFileListPaths = (
			);
			inputPaths = (
				"${PODS_PODFILE_DIR_PATH}/Podfile.lock",
				"${PODS_ROOT}/Manifest.lock",
			);
			name = "[CP] Check Pods Manifest.lock";
			outputFileListPaths = (
			);
			outputPaths = (
				"$(DERIVED_FILE_DIR)/Pods-24-checkManifestLockResult.txt",
			);
			runOnlyForDeploymentPostprocessing = 0;
			shellPath = /bin/sh;
			shellScript = "diff \"${PODS_PODFILE_DIR_PATH}/Podfile.lock\" \"${PODS_ROOT}/Manifest.lock\" > /dev/null\nif [ $? != 0 ] ; then\n    # print error to STDERR\n    echo \"error: The sandbox is not in sync with the Podfile.lock. Run 'pod install' or update your CocoaPods installation.\" >&2\n    exit 1\nfi\n# This output is used by Xcode 'outputs' to avoid re-running this script phase.\necho \"SUCCESS\" > \"${SCRIPT_OUTPUT_FILE_0}\"\n";
			showEnvVarsInLog = 0;
		};
		5D03DEF2D447AACC23BABE45 /* [CP] Embed Pods Frameworks */ = {
			isa = PBXShellScriptBuildPhase;
			buildActionMask = 2147483647;
			files = (
			);
			inputFileListPaths = (
				"${PODS_ROOT}/Target Support Files/Pods-24/Pods-24-frameworks-${CONFIGURATION}-input-files.xcfilelist",
			);
			name = "[CP] Embed Pods Frameworks";
			outputFileListPaths = (
				"${PODS_ROOT}/Target Support Files/Pods-24/Pods-24-frameworks-${CONFIGURATION}-output-files.xcfilelist",
			);
			runOnlyForDeploymentPostprocessing = 0;
			shellPath = /bin/sh;
			shellScript = "\"${PODS_ROOT}/Target Support Files/Pods-24/Pods-24-frameworks.sh\"\n";
			showEnvVarsInLog = 0;
		};
/* End PBXShellScriptBuildPhase section */

/* Begin PBXSourcesBuildPhase section */
		96551C4B2734980C00D3C17F /* Sources */ = {
			isa = PBXSourcesBuildPhase;
			buildActionMask = 2147483647;
			files = (
				96551C7127362B5800D3C17F /* AboutViewController.swift in Sources */,
				96551C6F27362B4B00D3C17F /* SettingViewController.swift in Sources */,
				96551C6D27362B4300D3C17F /* PlayViewController.swift in Sources */,
				96CDA94E27405C140043B5E2 /* Functions.swift in Sources */,
				96551C572734980C00D3C17F /* ViewController.swift in Sources */,
				96551C532734980C00D3C17F /* AppDelegate.swift in Sources */,
				96551C552734980C00D3C17F /* SceneDelegate.swift in Sources */,
			);
			runOnlyForDeploymentPostprocessing = 0;
		};
/* End PBXSourcesBuildPhase section */

/* Begin PBXVariantGroup section */
		96551C582734980C00D3C17F /* Main.storyboard */ = {
			isa = PBXVariantGroup;
			children = (
				96551C592734980C00D3C17F /* Base */,
			);
			name = Main.storyboard;
			sourceTree = "<group>";
		};
		96551C5D2734980D00D3C17F /* LaunchScreen.storyboard */ = {
			isa = PBXVariantGroup;
			children = (
				96551C5E2734980D00D3C17F /* Base */,
			);
			name = LaunchScreen.storyboard;
			sourceTree = "<group>";
		};
/* End PBXVariantGroup section */

/* Begin XCBuildConfiguration section */
		96551C612734980D00D3C17F /* Debug */ = {
			isa = XCBuildConfiguration;
			buildSettings = {
				ALWAYS_SEARCH_USER_PATHS = NO;
				CLANG_ANALYZER_NONNULL = YES;
				CLANG_ANALYZER_NUMBER_OBJECT_CONVERSION = YES_AGGRESSIVE;
				CLANG_CXX_LANGUAGE_STANDARD = "gnu++14";
				CLANG_CXX_LIBRARY = "libc++";
				CLANG_ENABLE_MODULES = YES;
				CLANG_ENABLE_OBJC_ARC = YES;
				CLANG_ENABLE_OBJC_WEAK = YES;
				CLANG_WARN_BLOCK_CAPTURE_AUTORELEASING = YES;
				CLANG_WARN_BOOL_CONVERSION = YES;
				CLANG_WARN_COMMA = YES;
				CLANG_WARN_CONSTANT_CONVERSION = YES;
				CLANG_WARN_DEPRECATED_OBJC_IMPLEMENTATIONS = YES;
				CLANG_WARN_DIRECT_OBJC_ISA_USAGE = YES_ERROR;
				CLANG_WARN_DOCUMENTATION_COMMENTS = YES;
				CLANG_WARN_EMPTY_BODY = YES;
				CLANG_WARN_ENUM_CONVERSION = YES;
				CLANG_WARN_INFINITE_RECURSION = YES;
				CLANG_WARN_INT_CONVERSION = YES;
				CLANG_WARN_NON_LITERAL_NULL_CONVERSION = YES;
				CLANG_WARN_OBJC_IMPLICIT_RETAIN_SELF = YES;
				CLANG_WARN_OBJC_LITERAL_CONVERSION = YES;
				CLANG_WARN_OBJC_ROOT_CLASS = YES_ERROR;
				CLANG_WARN_QUOTED_INCLUDE_IN_FRAMEWORK_HEADER = YES;
				CLANG_WARN_RANGE_LOOP_ANALYSIS = YES;
				CLANG_WARN_STRICT_PROTOTYPES = YES;
				CLANG_WARN_SUSPICIOUS_MOVE = YES;
				CLANG_WARN_UNGUARDED_AVAILABILITY = YES_AGGRESSIVE;
				CLANG_WARN_UNREACHABLE_CODE = YES;
				CLANG_WARN__DUPLICATE_METHOD_MATCH = YES;
				COPY_PHASE_STRIP = NO;
				DEBUG_INFORMATION_FORMAT = dwarf;
				ENABLE_STRICT_OBJC_MSGSEND = YES;
				ENABLE_TESTABILITY = YES;
				GCC_C_LANGUAGE_STANDARD = gnu11;
				GCC_DYNAMIC_NO_PIC = NO;
				GCC_NO_COMMON_BLOCKS = YES;
				GCC_OPTIMIZATION_LEVEL = 0;
				GCC_PREPROCESSOR_DEFINITIONS = (
					"DEBUG=1",
					"$(inherited)",
				);
				GCC_WARN_64_TO_32_BIT_CONVERSION = YES;
				GCC_WARN_ABOUT_RETURN_TYPE = YES_ERROR;
				GCC_WARN_UNDECLARED_SELECTOR = YES;
				GCC_WARN_UNINITIALIZED_AUTOS = YES_AGGRESSIVE;
				GCC_WARN_UNUSED_FUNCTION = YES;
				GCC_WARN_UNUSED_VARIABLE = YES;
				IPHONEOS_DEPLOYMENT_TARGET = 14.5;
				MTL_ENABLE_DEBUG_INFO = INCLUDE_SOURCE;
				MTL_FAST_MATH = YES;
				ONLY_ACTIVE_ARCH = YES;
				SDKROOT = iphoneos;
				SWIFT_ACTIVE_COMPILATION_CONDITIONS = DEBUG;
				SWIFT_OPTIMIZATION_LEVEL = "-Onone";
			};
			name = Debug;
		};
		96551C622734980D00D3C17F /* Release */ = {
			isa = XCBuildConfiguration;
			buildSettings = {
				ALWAYS_SEARCH_USER_PATHS = NO;
				CLANG_ANALYZER_NONNULL = YES;
				CLANG_ANALYZER_NUMBER_OBJECT_CONVERSION = YES_AGGRESSIVE;
				CLANG_CXX_LANGUAGE_STANDARD = "gnu++14";
				CLANG_CXX_LIBRARY = "libc++";
				CLANG_ENABLE_MODULES = YES;
				CLANG_ENABLE_OBJC_ARC = YES;
				CLANG_ENABLE_OBJC_WEAK = YES;
				CLANG_WARN_BLOCK_CAPTURE_AUTORELEASING = YES;
				CLANG_WARN_BOOL_CONVERSION = YES;
				CLANG_WARN_COMMA = YES;
				CLANG_WARN_CONSTANT_CONVERSION = YES;
				CLANG_WARN_DEPRECATED_OBJC_IMPLEMENTATIONS = YES;
				CLANG_WARN_DIRECT_OBJC_ISA_USAGE = YES_ERROR;
				CLANG_WARN_DOCUMENTATION_COMMENTS = YES;
				CLANG_WARN_EMPTY_BODY = YES;
				CLANG_WARN_ENUM_CONVERSION = YES;
				CLANG_WARN_INFINITE_RECURSION = YES;
				CLANG_WARN_INT_CONVERSION = YES;
				CLANG_WARN_NON_LITERAL_NULL_CONVERSION = YES;
				CLANG_WARN_OBJC_IMPLICIT_RETAIN_SELF = YES;
				CLANG_WARN_OBJC_LITERAL_CONVERSION = YES;
				CLANG_WARN_OBJC_ROOT_CLASS = YES_ERROR;
				CLANG_WARN_QUOTED_INCLUDE_IN_FRAMEWORK_HEADER = YES;
				CLANG_WARN_RANGE_LOOP_ANALYSIS = YES;
				CLANG_WARN_STRICT_PROTOTYPES = YES;
				CLANG_WARN_SUSPICIOUS_MOVE = YES;
				CLANG_WARN_UNGUARDED_AVAILABILITY = YES_AGGRESSIVE;
				CLANG_WARN_UNREACHABLE_CODE = YES;
				CLANG_WARN__DUPLICATE_METHOD_MATCH = YES;
				COPY_PHASE_STRIP = NO;
				DEBUG_INFORMATION_FORMAT = "dwarf-with-dsym";
				ENABLE_NS_ASSERTIONS = NO;
				ENABLE_STRICT_OBJC_MSGSEND = YES;
				GCC_C_LANGUAGE_STANDARD = gnu11;
				GCC_NO_COMMON_BLOCKS = YES;
				GCC_WARN_64_TO_32_BIT_CONVERSION = YES;
				GCC_WARN_ABOUT_RETURN_TYPE = YES_ERROR;
				GCC_WARN_UNDECLARED_SELECTOR = YES;
				GCC_WARN_UNINITIALIZED_AUTOS = YES_AGGRESSIVE;
				GCC_WARN_UNUSED_FUNCTION = YES;
				GCC_WARN_UNUSED_VARIABLE = YES;
				IPHONEOS_DEPLOYMENT_TARGET = 14.5;
				MTL_ENABLE_DEBUG_INFO = NO;
				MTL_FAST_MATH = YES;
				SDKROOT = iphoneos;
				SWIFT_COMPILATION_MODE = wholemodule;
				SWIFT_OPTIMIZATION_LEVEL = "-O";
				VALIDATE_PRODUCT = YES;
			};
			name = Release;
		};
		96551C642734980D00D3C17F /* Debug */ = {
			isa = XCBuildConfiguration;
			baseConfigurationReference = 40DE5860394517B05E02F9F6 /* Pods-24.debug.xcconfig */;
			buildSettings = {
				ASSETCATALOG_COMPILER_APPICON_NAME = AppIcon;
				ASSETCATALOG_COMPILER_GLOBAL_ACCENT_COLOR_NAME = AccentColor;
				CODE_SIGN_STYLE = Automatic;
				INFOPLIST_FILE = 24/Info.plist;
				LD_RUNPATH_SEARCH_PATHS = (
					"$(inherited)",
					"@executable_path/Frameworks",
				);
				PRODUCT_BUNDLE_IDENTIFIER = "com.438FinalProject.-4";
				PRODUCT_NAME = "$(TARGET_NAME)";
				SWIFT_VERSION = 5.0;
				TARGETED_DEVICE_FAMILY = "1,2";
			};
			name = Debug;
		};
		96551C652734980D00D3C17F /* Release */ = {
			isa = XCBuildConfiguration;
			baseConfigurationReference = 2203B1E4AE3EEA961068492F /* Pods-24.release.xcconfig */;
			buildSettings = {
				ASSETCATALOG_COMPILER_APPICON_NAME = AppIcon;
				ASSETCATALOG_COMPILER_GLOBAL_ACCENT_COLOR_NAME = AccentColor;
				CODE_SIGN_STYLE = Automatic;
				INFOPLIST_FILE = 24/Info.plist;
				LD_RUNPATH_SEARCH_PATHS = (
					"$(inherited)",
					"@executable_path/Frameworks",
				);
				PRODUCT_BUNDLE_IDENTIFIER = "com.438FinalProject.-4";
				PRODUCT_NAME = "$(TARGET_NAME)";
				SWIFT_VERSION = 5.0;
				TARGETED_DEVICE_FAMILY = "1,2";
			};
			name = Release;
		};
/* End XCBuildConfiguration section */

/* Begin XCConfigurationList section */
		96551C4A2734980C00D3C17F /* Build configuration list for PBXProject "24" */ = {
			isa = XCConfigurationList;
			buildConfigurations = (
				96551C612734980D00D3C17F /* Debug */,
				96551C622734980D00D3C17F /* Release */,
			);
			defaultConfigurationIsVisible = 0;
			defaultConfigurationName = Release;
		};
		96551C632734980D00D3C17F /* Build configuration list for PBXNativeTarget "24" */ = {
			isa = XCConfigurationList;
			buildConfigurations = (
				96551C642734980D00D3C17F /* Debug */,
				96551C652734980D00D3C17F /* Release */,
			);
			defaultConfigurationIsVisible = 0;
			defaultConfigurationName = Release;
		};
/* End XCConfigurationList section */
	};
	rootObject = 96551C472734980C00D3C17F /* Project object */;
}
